{
  "name": "bolt.new-main",
  "version": "0.0.0",
  "lockfileVersion": 3,
  "requires": true,
  "packages": {
    "": {
      "name": "bolt.new-main",
      "version": "0.0.0",
      "dependencies": {
        "@remix-run/cloudflare": "2.4.1",
        "@remix-run/css-bundle": "2.4.1",
        "@remix-run/node": "2.4.1",
        "@remix-run/react": "2.4.1",
        "@types/highlight.js": "^13.1.0",
        "@types/marked": "^5.0.0",
        "@types/react": "^18.2.45",
        "@types/react-dom": "^18.2.18",
        "highlight.js": "^11.9.0",
        "isbot": "^4.0.0",
        "istextorbinary": "^6.0.0",
        "marked": "^11.0.0",
        "marked-highlight": "^2.0.1",
        "react": "^18.2.0",
        "react-dom": "^18.2.0",
        "remix": "^2.4.1",
        "tiny-invariant": "^1.3.1",
        "uno.css": "^0.58.0"
      },
      "devDependencies": {
        "@cloudflare/workers-types": "^4.2.0",
        "@remix-run/dev": "2.4.1",
        "@typescript-eslint/eslint-plugin": "^6.14.0",
        "@typescript-eslint/parser": "^6.14.0",
        "eslint": "^8.56.0",
        "eslint-config-prettier": "^9.1.0",
        "eslint-plugin-jsx-a11y": "^6.8.0",
        "eslint-plugin-react": "^7.33.2",
        "eslint-plugin-react-hooks": "^4.6.0",
        "globals": "^13.24.0",
        "prettier": "^3.1.1",
        "typescript": "^5.3.3",
        "vite": "^5.0.10"
      }
    },
    "node_modules/@babel/code-frame": {
      "version": "7.23.5",
      "resolved": "https://registry.npmjs.org/@babel/code-frame/-/code-frame-7.23.5.tgz",
      "integrity": "sha512-v6c0e8/7F689C76vHhC+oUaL0e0v18t8M/3948eQ3a7+3d3j15G0yH9rV43/F/oN29H+1G16KjS00/g==",
      "dependencies": {
        "@babel/highlight": "^7.18.6"
      },
      "engines": {
        "node": ">=6.9.0"
      }
    },
    "node_modules/@babel/compat-data": {
      "version": "7.23.7",
      "resolved": "https://registry.npmjs.org/@babel/compat-data/-/compat-data-7.23.7.tgz",
      "integrity": "sha512-d5/y1+z8sX0+997Y3w0QYyYwH/Q0Y96g/vTzXo53F+f/eW3j8/2a6zI4j0n5u5sQ+2g264z0f2wQ=="
    },
    "node_modules/@babel/core": {
      "version": "7.23.7",
      "resolved": "https://registry.npmjs.org/@babel/core/-/core-7.23.7.tgz",
      "integrity": "sha512-9k+K8R0Hj73i3c+z+a/mNnS7/2Vj4L9NnQ6X50/l6Xh6w2h3yWv6w1Fh0482R+tBq1Q3Qj+5/t717Kj/6fQ==",
      "dependencies": {
        "@babel/code-frame": "^7.23.5",
        "@babel/generator": "^7.23.7",
        "@babel/parser": "^7.23.7",
        "@babel/template": "^7.22.15",
        "@babel/traverse": "^7.23.7",
        "@babel/types": "^7.23.7",
        "semver": "^6.3.1"
      },
      "engines": {
        "node": ">=6.9.0"
      }
    },
    "node_modules/@babel/generator": {
      "version": "7.23.7",
      "resolved": "https://registry.npmjs.org/@babel/generator/-/generator-7.23.7.tgz",
      "integrity": "sha512-O2W47+1nQG8W9dC1Vl4n4E/Zz0H/74tJ9l8kKq9v2G6rZ6nI5gY9g+4Oq730o5+lX/Z52iV0/6+Y50X0w==",
      "dependencies": {
        "@babel/types": "^7.23.7",
        "jsesc": "^2.5.2",
        "source-map": "^0.5.7"
      },
      "engines": {
        "node": ">=6.9.0"
      }
    },
    "node_modules/@babel/helper-compilation-targets": {
      "version": "7.23.7",
      "resolved": "https://registry.npmjs.org/@babel/helper-compilation-targets/-/helper-compilation-targets-7.23.7.tgz",
      "integrity": "sha512-bXo8F+7wH64/9b261XgX4I0I0w4j0y/K6qE+25HhT+qQ9P4U28F096f3cR1yPZq8K0V+t1gY5h2yK/vXg==",
      "dependencies": {
        "@babel/compat-data": "^7.23.7",
        "browserslist": "^4.22.1"
      },
      "engines": {
        "node": ">=6.9.0"
      }
    },
    "node_modules/@babel/helper-function-name": {
      "version": "7.22.5",
      "resolved": "https://registry.npmjs.org/@babel/helper-function-name/-/helper-function-name-7.22.5.tgz",
      "integrity": "sha512-3+1Jc/Tf6g9rJd0Jrz6+R8O4k0wKj7pS8Q+R+6Cj6g+9tW8+mK6u3Yl6rW/mF751z7/eR0xKz75t71F/1Ew==",
      "dependencies": {
        "@babel/template": "^7.22.15",
        "@babel/types": "^7.23.7"
      },
      "engines": {
        "node": ">=6.9.0"
      }
    },
    "node_modules/@babel/helper-plugin-utils": {
      "version": "7.22.5",
      "resolved": "https://registry.npmjs.org/@babel/helper-plugin-utils/-/helper-plugin-utils-7.22.5.tgz",
      "integrity": "sha512-u8672unN5I2hR1e160K7h92e7F0HjC3lq0qJ0L66vYw7E0/n3n6b/W1l6t/lP407JzC/s7X09f+a0j01w==",
      "engines": {
        "node": ">=6.9.0"
      }
    },
    "node_modules/@babel/helper-validator-identifier": {
      "version": "7.22.20",
      "resolved": "https://registry.npmjs.org/@babel/helper-validator-identifier/-/helper-validator-identifier-7.22.20.tgz",
      "integrity": "sha512-k5q6yE62G0VszjQ6e0D2jVpD/lO1O1s265+z23jX2s90YqZ7QzG5Qz97oYl7p24+0t91g0f4c4z5j7g2lEw==",
      "engines": {
        "node": ">=6.9.0"
      }
    },
    "node_modules/@babel/highlight": {
      "version": "7.18.6",
      "resolved": "https://registry.npmjs.org/@babel/highlight/-/highlight-7.18.6.tgz",
      "integrity": "sha512-u7Lw16mew4vQ83Qc9vK7I4H/t8b3zO9q0f5G/b2e23/p+6g0R0979VvJb7/L+1y8oB7W8/WbB5s3j6qA/oQ==",
      "dependencies": {
        "chalk": "^2.0.0",
        "esutils": "^2.0.2"
      },
      "engines": {
        "node": ">=6.9.0"
      }
    },
    "node_modules/@babel/parser": {
      "version": "7.23.7",
      "resolved": "https://registry.npmjs.org/@babel/parser/-/parser-7.23.7.tgz",
      "integrity": "sha512-n5tYvO3UaZt63hP4t/Vv04JzZqWlFv64w690zFwGj0Xj7v0d6K+rP+5w6mB61QnL0H5w7+V+U9V+316/Q/A==",
      "bin": {
        "parser": "bin/babel-parser.js"
      },
      "engines": {
        "node": ">=6.0.0"
      }
    },
    "node_modules/@babel/template": {
      "version": "7.22.15",
      "resolved": "https://registry.npmjs.org/@babel/template/-/template-7.22.15.tgz",
      "integrity": "sha512-63Q9m0w1355C0/a+V/0z4+x7yC8nFw0116Kk5Qp+2h8g4h8Q1/I+eX3/92R5j79g90jL/F3vJq6/vG8k3g==",
      "dependencies": {
        "@babel/code-frame": "^7.23.5",
        "@babel/parser": "^7.23.7",
        "@babel/types": "^7.23.7"
      },
      "engines": {
        "node": ">=6.9.0"
      }
    },
    "node_modules/@babel/traverse": {
      "version": "7.23.7",
      "resolved": "https://registry.npmjs.org/@babel/traverse/-/traverse-7.23.7.tgz",
      "integrity": "sha512-4k/f6d3zFv242WqL1v0o3gQkK1W/N08P82u3aG1u5K74L9+oX3tB7wE0pXlFh/y2fHq3y6c/p9u9r9X6Yh0g==",
      "dependencies": {
        "@babel/code-frame": "^7.23.5",
        "@babel/generator": "^7.23.7",
        "@babel/helper-function-name": "^7.22.5",
        "@babel/helper-validator-identifier": "^7.22.20",
        "@babel/types": "^7.23.7",
        "globals": "^13.24.0"
      },
      "engines": {
        "node": ">=6.9.0"
      }
    },
    "node_modules/@babel/types": {
      "version": "7.23.7",
      "resolved": "https://registry.npmjs.org/@babel/types/-/types-7.23.7.tgz",
      "integrity": "sha512-x8kZ/iL705c8t4QYf39yU40+uQ0jP5v7T78l84l6jX883m4V87+V0r9rZ/p4x7B5B+o/7eK/T6R9+0Q+Q1A==",
      "dependencies": {
        "@babel/helper-validator-identifier": "^7.22.20",
        "to-fast-properties": "^2.0.0"
      },
      "engines": {
        "node": ">=6.9.0"
      }
    },
    "node_modules/@cloudflare/workers-types": {
      "version": "4.2.0",
      "resolved": "https://registry.npmjs.org/@cloudflare/workers-types/-/workers-types-4.2.0.tgz",
      "integrity": "sha512-61tBwK6Kx4e+T0r6i6+s074gLd/f1h0s13y0O9hVf3j+3t1k6c8h+y8/lJb4+j7L2O7f8J0g/d7O0j/1/tA==",
      "dev": true
    },
    "node_modules/@eslint/eslintrc": {
      "version": "2.1.4",
      "resolved": "https://registry.npmjs.org/@eslint/eslintrc/-/eslintrc-2.1.4.tgz",
      "integrity": "sha512-N9U85r0i0/h8hQ7n09+v/q1U9x0lE8yQ392P29jZ5pWzJv240vDq0x15U1R062k6eKq4s2q/nQv7wK82L0w==",
      "dependencies": {
        "ajv": "^6.12.6",
        "globals": "^13.19.0",
        "ignore": "^5.2.0",
        "import-fresh": "^3.3.0",
        "js-yaml": "^4.1.0",
        "minimatch": "^3.1.2",
        "semver": "^7.3.8"
      },
      "engines": {
        "node": "^12.22.0 || ^14.17.0 || >=16.0.0"
      }
    },
    "node_modules/@eslint/js": {
      "version": "8.56.0",
      "resolved": "https://registry.npmjs.org/@eslint/js/-/js-8.56.0.tgz",
      "integrity": "sha512-Y0y+JbJ8/Wj+E4wWbW0/m1mF9n2H+7VjS/6v1IuQ9lP/o7hT77y+xQ17kG3O8wO0f8u/1o9V/eW3tG+jJjw==",
      "engines": {
        "node": "^12.22.0 || ^14.17.0 || >=16.0.0"
      }
    },
    "node_modules/@jridgewell/gen-mapping": {
      "version": "0.3.3",
      "resolved": "https://registry.npmjs.org/@jridgewell/gen-mapping/-/gen-mapping-0.3.3.tgz",
      "integrity": "sha512-HLx0R90gC3t0bA7H1494r2yYjI6u4yQ9u9u7r3qZ9r6/904/4u/s8t1u9s07Vf8R/x9+gY8x0y7H7+2w==",
      "dependencies": {
        "@jridgewell/set-array": "^1.1.2",
        "@jridgewell/sourcemap-codec": "^1.4.15"
      }
    },
    "node_modules/@jridgewell/set-array": {
      "version": "1.1.2",
      "resolved": "https://registry.npmjs.org/@jridgewell/set-array/-/set-array-1.1.2.tgz",
      "integrity": "sha512-xnkgu0GqihjODvP08JmhzQWj6K2v6M2/QkOIX3l5vYk/e8l/mC1W13WvQJ2e3rQJt4h/X1v4W8w4j+kE4sA=="
    },
    "node_modules/@jridgewell/sourcemap-codec": {
      "version": "1.4.15",
      "resolved": "https://registry.npmjs.org/@jridgewell/sourcemap-codec/-/sourcemap-codec-1.4.15.tgz",
      "integrity": "sha512-s5/Qo9jU/Y30K7+p7f5C0Kj+1i00/e6r9w41k78H1eJkQ0JzK0a6/xK3e1W31LzVj0a0w28o3n3T4x4oD8Q=="
    },
    "node_modules/@remix-run/cloudflare": {
      "version": "2.4.1",
      "resolved": "https://registry.npmjs.org/@remix-run/cloudflare/-/cloudflare-2.4.1.tgz",
      "integrity": "sha512-VfR+h7e4r372I0d9J6i8gYfR89n3n7q518i21oXm/5v14R4a42i9W79x9sF410L+p5fG8E2nZ8fO3/YyWz8g==",
      "dependencies": {
        "@remix-run/core": "2.4.1",
        "@remix-run/server-runtime": "2.4.1",
        "abort-controller": "^3.0.0",
        "node-fetch": "^2.6.12"
      },
      "engines": {
        "node": ">=18.0.0"
      },
      "peerDependencies": {
        "miniflare": ">=3.20.0 <4.0.0"
      }
    },
    "node_modules/@remix-run/core": {
      "version": "2.4.1",
      "resolved": "https://registry.npmjs.org/@remix-run/core/-/core-2.4.1.tgz",
      "integrity": "sha512-q4QZ6+mZ9z/7Xp0oQ2+yKq+Q7rO1vEaU168zZ0k14i0hG090K5Q8k1V1k2t+2b0L7r5O2N6u30/6Yp+7Y/w==",
      "dependencies": {
        "path-to-regexp": "^6.2.1",
        "tiny-invariant": "^1.3.1"
      },
      "engines": {
        "node": ">=18.0.0"
      }
    },
    "node_modules/@remix-run/css-bundle": {
      "version": "2.4.1",
      "resolved": "https://registry.npmjs.org/@remix-run/css-bundle/-/css-bundle-2.4.1.tgz",
      "integrity": "sha512-yD0x/7Yn12x+s64+W0zR/f3u5pM8G9Vj3q/k9I1B51c0uM092R8d+3i0fH0W8g98oP7s2r5uG4oI2/0YIjw==",
      "engines": {
        "node": ">=18.0.0"
      },
      "peerDependencies": {
        "vite": ">=4.0.0"
      }
    },
    "node_modules/@remix-run/dev": {
      "version": "2.4.1",
      "resolved": "https://registry.npmjs.org/@remix-run/dev/-/dev-2.4.1.tgz",
      "integrity": "sha512-nS327b6oZp1a67wJg4p4R6q6R/X+h63Q075e6O1/a2z1l6G9m6x7fB5O0x0r+1i3K4O6Qp/3J6k1V/5qJ/A==",
      "dependencies": {
        "@babel/core": "^7.21.4",
        "@babel/plugin-transform-runtime": "^7.21.4",
        "@babel/preset-env": "^7.21.4",
        "@babel/preset-react": "^7.18.6",
        "@babel/preset-typescript": "^7.21.4",
        "@remix-run/core": "2.4.1",
        "@remix-run/server-runtime": "2.4.1",
        "@types/node": "*",
        "esbuild": "0.19.9",
        "ignore": "^5.2.0",
        "postcss": "^8.4.31",
        "semver": "^7.3.8",
        "source-map-js": "^1.0.2",
        "tiny-invariant": "^1.3.1",
        "vite": "^5.0.10"
      },
      "bin": {
        "remix": "dist/cli.mjs"
      },
      "engines": {
        "node": ">=18.0.0"
      },
      "peerDependencies": {
        "typescript": "*"
      }
    },
    "node_modules/@remix-run/node": {
      "version": "2.4.1",
      "resolved": "https://registry.npmjs.org/@remix-run/node/-/node-2.4.1.tgz",
      "integrity": "sha512-lZk3p14p8Qc8tD83m22+xQ+aZ4u8l1n1wH212XhX2/Z4F2k399e3N3b7/eY7b4r4i253K2/p926nE25iVw==",
      "dependencies": {
        "@remix-run/core": "2.4.1",
        "@remix-run/server-runtime": "2.4.1",
        "abort-controller": "^3.0.0",
        "is-binary-path": "^2.1.0",
        "node-fetch": "^2.6.12"
      },
      "engines": {
        "node": ">=18.0.0"
      }
    },
    "node_modules/@remix-run/react": {
      "version": "2.4.1",
      "resolved": "https://registry.npmjs.org/@remix-run/react/-/react-2.4.1.tgz",
      "integrity": "sha512-T2zXy316h663e71qQ8t9u7N3hYgE9mY0K9z3a66K/U97j5fL+7xH+r4L+5l62pW4N26/wQ23j+k64b9I9w==",
      "dependencies": {
        "@remix-run/core": "2.4.1",
        "react-router": "^6.17.0",
        "react-router-dom": "^6.17.0"
      },
      "engines": {
        "node": ">=18.0.0"
      },
      "peerDependencies": {
        "react": ">=17.0.0",
        "react-dom": ">=17.0.0"
      }
    },
    "node_modules/@remix-run/server-runtime": {
      "version": "2.4.1",
      "resolved": "https://registry.npmjs.org/@remix-run/server-runtime/-/server-runtime-2.4.1.tgz",
      "integrity": "sha512-cZ4F/F390E97824fC2d7O/19xH06h3Q65n/O4vY0f0q5K9Uv+QzJ7x/8Y5+Q5aI2+oG/s+uE3g1W9z8Y0iA==",
      "dependencies": {
        "@remix-run/core": "2.4.1",
        "path-to-regexp": "^6.2.1",
        "tiny-invariant": "^1.3.1"
      },
      "engines": {
        "node": ">=18.0.0"
      }
    },
    "node_modules/@typescript-eslint/eslint-plugin": {
      "version": "6.14.0",
      "resolved": "https://registry.npmjs.org/@typescript-eslint/eslint-plugin/-/eslint-plugin-6.14.0.tgz",
      "integrity": "sha512-gqT4RkY16J420O24/862k/2l9+b5i4qW5Q5z6Yn92c435m9tD2/V720L3i0rD8Jg1gQ5aI822H2Q707Qv6w==",
      "dependencies": {
        "@typescript-eslint/scope-manager": "6.14.0",
        "@typescript-eslint/type-utils": "6.14.0",
        "@typescript-eslint/utils": "6.14.0",
        "eslint-scope": "^7.2.0",
        "semver": "^7.5.4"
      },
      "engines": {
        "node": ">=18.0.0"
      },
      "peerDependencies": {
        "eslint": ">=8.0.0",
        "typescript": ">=5.0.0"
      }
    },
    "node_modules/@typescript-eslint/parser": {
      "version": "6.14.0",
      "resolved": "https://registry.npmjs.org/@typescript-eslint/parser/-/parser-6.14.0.tgz",
      "integrity": "sha512-b7m9r/1Y3Ua5WwDkE+qJ8n3X40VvJ7Y0c6r5cI+fV1W49k1X0eJ11U7J+y3/2Qv2sWk+o/Z2Q+1q61/3pCw==",
      "dependencies": {
        "@typescript-eslint/types": "6.14.0",
        "@typescript-eslint/visitor-keys": "6.14.0",
        "debug": "^4.3.4",
        "eslint-visitor-keys": "^3.4.1"
      },
      "engines": {
        "node": ">=18.0.0"
      },
      "peerDependencies": {
        "eslint": ">=7.0.0",
        "typescript": ">=5.0.0"
      }
    },
    "node_modules/@typescript-eslint/scope-manager": {
      "version": "6.14.0",
      "resolved": "https://registry.npmjs.org/@typescript-eslint/scope-manager/-/scope-manager-6.14.0.tgz",
      "integrity": "sha512-u68eWk1q+t+9xJ6tZ0H241g1kIeYJq5yJp3F/i0yqJ+hJ4XqX58K2fO8j108X/j/P3O6uFp/U9V8j+0976w==",
      "dependencies": {
        "@typescript-eslint/types": "6.14.0",
        "@typescript-eslint/visitor-keys": "6.14.0",
        "eslint-scope": "^7.2.0"
      },
      "engines": {
        "node": ">=18.0.0"
      }
    },
    "node_modules/@typescript-eslint/type-utils": {
      "version": "6.14.0",
      "resolved": "https://registry.npmjs.org/@typescript-eslint/type-utils/-/type-utils-6.14.0.tgz",
      "integrity": "sha512-aGZ2Jb4VjW6w6Rj0h7hYj3Z9/vV65Y017z/wF1tJ6G3hK/w8s/I/4/1Qn6m+yI/6d9v4a3l0o08/9hP48hA==",
      "dependencies": {
        "@typescript-eslint/types": "6.14.0"
      },
      "engines": {
        "node": ">=18.0.0"
      }
    },
    "node_modules/@typescript-eslint/types": {
      "version": "6.14.0",
      "resolved": "https://registry.npmjs.org/@typescript-eslint/types/-/types-6.14.0.tgz",
      "integrity": "sha512-9E9wKj345kI0J/fC5fW9hL8q3b5O2a6R/sJ9v50oY9702r9P3tB+f4117zK6lG94q108/8j0H5mJ9v+2aXg==",
      "engines": {
        "node": ">=18.0.0"
      }
    },
    "node_modules/@typescript-eslint/utils": {
      "version": "6.14.0",
      "resolved": "https://registry.npmjs.org/@typescript-eslint/utils/-/utils-6.14.0.tgz",
      "integrity": "sha512-fO9h9yvC2Tq5fVn6Z7qNf875n6y4T1/u8B+4/9zJtO4K6K7tU37p59l8JvYvP5i1/z9N7bY619V+8+2qZ1w==",
      "dependencies": {
        "@typescript-eslint/types": "6.14.0",
        "@typescript-eslint/visitor-keys": "6.14.0",
        "eslint-scope": "^7.2.0"
      },
      "engines": {
        "node": ">=18.0.0"
      }
    },
    "node_modules/@typescript-eslint/visitor-keys": {
      "version": "6.14.0",
      "resolved": "https://registry.npmjs.org/@typescript-eslint/visitor-keys/-/visitor-keys-6.14.0.tgz",
      "integrity": "sha512-7sQp74q1V7J7873U8fF75n/31bW1yW/y1v0r49s4q0V+I4f2V0Qx1H9e4r2p0g+2e/8J2v2N3/4b0+82k0w==",
      "dependencies": {
        "@typescript-eslint/types": "6.14.0",
        "eslint-visitor-
